
Microsoft Visual Studio Solution File, Format Version 12.00
# Visual Studio Version 16
VisualStudioVersion = 16.0.30204.135
MinimumVisualStudioVersion = 10.0.40219.1
Project("{9A19103F-16F7-4668-BE54-9A1E7A4F7556}") = "Server.gRPC", "Server.gRPC\Server.gRPC.csproj", "{5F286331-DB7B-4DD6-9733-9DB792692579}"
	ProjectSection(ProjectDependencies) = postProject
		{514D1884-AC4D-481A-ABA7-FE97717D5A70} = {514D1884-AC4D-481A-ABA7-FE97717D5A70}
	EndProjectSection
EndProject
Project("{9A19103F-16F7-4668-BE54-9A1E7A4F7556}") = "Server.DAL", "Server.DAL\Server.DAL.csproj", "{514D1884-AC4D-481A-ABA7-FE97717D5A70}"
EndProject
Project("{9A19103F-16F7-4668-BE54-9A1E7A4F7556}") = "Server.Services.Models", "Server.Services.Models\Server.Services.Models.csproj", "{2741AF00-ABED-4686-B396-372666A13838}"
EndProject
Global
	GlobalSection(SolutionConfigurationPlatforms) = preSolution
		Debug|Any CPU = Debug|Any CPU
		Release|Any CPU = Release|Any CPU
	EndGlobalSection
	GlobalSection(ProjectConfigurationPlatforms) = postSolution
		{5F286331-DB7B-4DD6-9733-9DB792692579}.Debug|Any CPU.ActiveCfg = Debug|Any CPU
		{5F286331-DB7B-4DD6-9733-9DB792692579}.Debug|Any CPU.Build.0 = Debug|Any CPU
		{5F286331-DB7B-4DD6-9733-9DB792692579}.Release|Any CPU.ActiveCfg = Release|Any CPU
		{5F286331-DB7B-4DD6-9733-9DB792692579}.Release|Any CPU.Build.0 = Release|Any CPU
		{514D1884-AC4D-481A-ABA7-FE97717D5A70}.Debug|Any CPU.ActiveCfg = Debug|Any CPU
		{514D1884-AC4D-481A-ABA7-FE97717D5A70}.Debug|Any CPU.Build.0 = Debug|Any CPU
		{514D1884-AC4D-481A-ABA7-FE97717D5A70}.Release|Any CPU.ActiveCfg = Release|Any CPU
		{514D1884-AC4D-481A-ABA7-FE97717D5A70}.Release|Any CPU.Build.0 = Release|Any CPU
		{2741AF00-ABED-4686-B396-372666A13838}.Debug|Any CPU.ActiveCfg = Debug|Any CPU
		{2741AF00-ABED-4686-B396-372666A13838}.Debug|Any CPU.Build.0 = Debug|Any CPU
		{2741AF00-ABED-4686-B396-372666A13838}.Release|Any CPU.ActiveCfg = Release|Any CPU
		{2741AF00-ABED-4686-B396-372666A13838}.Release|Any CPU.Build.0 = Release|Any CPU
	EndGlobalSection
	GlobalSection(SolutionProperties) = preSolution
		HideSolutionNode = FALSE
	EndGlobalSection
	GlobalSection(ExtensibilityGlobals) = postSolution
		SolutionGuid = {C41C13DA-E0C5-46AC-AC5A-353308A426F1}
	EndGlobalSection
EndGlobal
